// !$*UTF8*$!
{
	archiveVersion = 1;
	classes = {
	};
	objectVersion = 46;
	objects = {

/* Begin PBXBuildFile section */
		63E272281A4923CC0044E847 /* AboutViewController.m in Sources */ = {isa = PBXBuildFile; fileRef = 63E2720F1A4923CC0044E847 /* AboutViewController.m */; };
		63E272291A4923CC0044E847 /* ClockViewController.m in Sources */ = {isa = PBXBuildFile; fileRef = 63E272121A4923CC0044E847 /* ClockViewController.m */; };
		63E2722A1A4923CC0044E847 /* ControlViewController.m in Sources */ = {isa = PBXBuildFile; fileRef = 63E272151A4923CC0044E847 /* ControlViewController.m */; };
		63E2722B1A4923CC0044E847 /* ExpandViewController.m in Sources */ = {isa = PBXBuildFile; fileRef = 63E272181A4923CC0044E847 /* ExpandViewController.m */; };
		63E2722C1A4923CC0044E847 /* HomeViewController.m in Sources */ = {isa = PBXBuildFile; fileRef = 63E2721A1A4923CC0044E847 /* HomeViewController.m */; };
		63E2722D1A4923CC0044E847 /* LeftMenuViewController.m in Sources */ = {isa = PBXBuildFile; fileRef = 63E2721C1A4923CC0044E847 /* LeftMenuViewController.m */; };
		63E2722E1A4923CC0044E847 /* LoginViewController.m in Sources */ = {isa = PBXBuildFile; fileRef = 63E2721F1A4923CC0044E847 /* LoginViewController.m */; };
		63E2722F1A4923CC0044E847 /* RightMenuViewController.m in Sources */ = {isa = PBXBuildFile; fileRef = 63E272211A4923CC0044E847 /* RightMenuViewController.m */; };
		63E272301A4923CC0044E847 /* SceneViewController.m in Sources */ = {isa = PBXBuildFile; fileRef = 63E272241A4923CC0044E847 /* SceneViewController.m */; };
		63E272311A4923CC0044E847 /* SettingViewController.m in Sources */ = {isa = PBXBuildFile; fileRef = 63E272271A4923CC0044E847 /* SettingViewController.m */; };
		63E272361A4923F40044E847 /* PersonHeadView.m in Sources */ = {isa = PBXBuildFile; fileRef = 63E272341A4923F40044E847 /* PersonHeadView.m */; };
		63E272371A4923F40044E847 /* PersonHeadView.xib in Resources */ = {isa = PBXBuildFile; fileRef = 63E272351A4923F40044E847 /* PersonHeadView.xib */; };
		63E2723A1A49245D0044E847 /* 1.jpg in Resources */ = {isa = PBXBuildFile; fileRef = 63E272381A49245D0044E847 /* 1.jpg */; };
		63E2723B1A49245D0044E847 /* profile3@2x.png in Resources */ = {isa = PBXBuildFile; fileRef = 63E272391A49245D0044E847 /* profile3@2x.png */; };
		958FC4091A4734C6000B008A /* Foundation.framework in Frameworks */ = {isa = PBXBuildFile; fileRef = 958FC4081A4734C6000B008A /* Foundation.framework */; };
		958FC40B1A4734C6000B008A /* CoreGraphics.framework in Frameworks */ = {isa = PBXBuildFile; fileRef = 958FC40A1A4734C6000B008A /* CoreGraphics.framework */; };
		958FC40D1A4734C6000B008A /* UIKit.framework in Frameworks */ = {isa = PBXBuildFile; fileRef = 958FC40C1A4734C6000B008A /* UIKit.framework */; };
		958FC4131A4734C6000B008A /* InfoPlist.strings in Resources */ = {isa = PBXBuildFile; fileRef = 958FC4111A4734C6000B008A /* InfoPlist.strings */; };
		958FC4151A4734C6000B008A /* main.m in Sources */ = {isa = PBXBuildFile; fileRef = 958FC4141A4734C6000B008A /* main.m */; };
		958FC4191A4734C6000B008A /* AppDelegate.m in Sources */ = {isa = PBXBuildFile; fileRef = 958FC4181A4734C6000B008A /* AppDelegate.m */; };
		958FC4211A4734C6000B008A /* Images.xcassets in Resources */ = {isa = PBXBuildFile; fileRef = 958FC4201A4734C6000B008A /* Images.xcassets */; };
		958FC4501A47365B000B008A /* SlideNavigationContorllerAnimatorFade.m in Sources */ = {isa = PBXBuildFile; fileRef = 958FC4421A47365B000B008A /* SlideNavigationContorllerAnimatorFade.m */; };
		958FC4511A47365B000B008A /* SlideNavigationContorllerAnimatorScale.m in Sources */ = {isa = PBXBuildFile; fileRef = 958FC4441A47365B000B008A /* SlideNavigationContorllerAnimatorScale.m */; };
		958FC4521A47365B000B008A /* SlideNavigationContorllerAnimatorScaleAndFade.m in Sources */ = {isa = PBXBuildFile; fileRef = 958FC4461A47365B000B008A /* SlideNavigationContorllerAnimatorScaleAndFade.m */; };
		958FC4531A47365B000B008A /* SlideNavigationContorllerAnimatorSlide.m in Sources */ = {isa = PBXBuildFile; fileRef = 958FC4481A47365B000B008A /* SlideNavigationContorllerAnimatorSlide.m */; };
		958FC4541A47365B000B008A /* SlideNavigationContorllerAnimatorSlideAndFade.m in Sources */ = {isa = PBXBuildFile; fileRef = 958FC44A1A47365B000B008A /* SlideNavigationContorllerAnimatorSlideAndFade.m */; };
		958FC4551A47365B000B008A /* menu-button.png in Resources */ = {isa = PBXBuildFile; fileRef = 958FC44C1A47365B000B008A /* menu-button.png */; };
		958FC4561A47365B000B008A /* menu-button@2x.png in Resources */ = {isa = PBXBuildFile; fileRef = 958FC44D1A47365B000B008A /* menu-button@2x.png */; };
		958FC4571A47365B000B008A /* SlideNavigationController.m in Sources */ = {isa = PBXBuildFile; fileRef = 958FC44F1A47365B000B008A /* SlideNavigationController.m */; };
		958FC4661A473CCA000B008A /* animation.png in Resources */ = {isa = PBXBuildFile; fileRef = 958FC4621A473CCA000B008A /* animation.png */; };
		958FC4671A473CCA000B008A /* gear.png in Resources */ = {isa = PBXBuildFile; fileRef = 958FC4631A473CCA000B008A /* gear.png */; };
		958FC4681A473CCA000B008A /* leftMenu.jpg in Resources */ = {isa = PBXBuildFile; fileRef = 958FC4641A473CCA000B008A /* leftMenu.jpg */; };
		958FC4691A473CCA000B008A /* rightMenu.jpg in Resources */ = {isa = PBXBuildFile; fileRef = 958FC4651A473CCA000B008A /* rightMenu.jpg */; };
		958FC46E1A4756B4000B008A /* Main.Storyboard in Resources */ = {isa = PBXBuildFile; fileRef = 958FC46D1A4756B4000B008A /* Main.Storyboard */; };
		E72D50F71A47B737001A3F77 /* HMSegmentedControl.m in Sources */ = {isa = PBXBuildFile; fileRef = E72D50F61A47B737001A3F77 /* HMSegmentedControl.m */; };
/* End PBXBuildFile section */

/* Begin PBXFileReference section */
		63E2720E1A4923CC0044E847 /* AboutViewController.h */ = {isa = PBXFileReference; fileEncoding = 4; lastKnownFileType = sourcecode.c.h; path = AboutViewController.h; sourceTree = "<group>"; };
		63E2720F1A4923CC0044E847 /* AboutViewController.m */ = {isa = PBXFileReference; fileEncoding = 4; lastKnownFileType = sourcecode.c.objc; path = AboutViewController.m; sourceTree = "<group>"; };
		63E272111A4923CC0044E847 /* ClockViewController.h */ = {isa = PBXFileReference; fileEncoding = 4; lastKnownFileType = sourcecode.c.h; path = ClockViewController.h; sourceTree = "<group>"; };
		63E272121A4923CC0044E847 /* ClockViewController.m */ = {isa = PBXFileReference; fileEncoding = 4; lastKnownFileType = sourcecode.c.objc; path = ClockViewController.m; sourceTree = "<group>"; };
		63E272141A4923CC0044E847 /* ControlViewController.h */ = {isa = PBXFileReference; fileEncoding = 4; lastKnownFileType = sourcecode.c.h; path = ControlViewController.h; sourceTree = "<group>"; };
		63E272151A4923CC0044E847 /* ControlViewController.m */ = {isa = PBXFileReference; fileEncoding = 4; lastKnownFileType = sourcecode.c.objc; path = ControlViewController.m; sourceTree = "<group>"; };
		63E272171A4923CC0044E847 /* ExpandViewController.h */ = {isa = PBXFileReference; fileEncoding = 4; lastKnownFileType = sourcecode.c.h; path = ExpandViewController.h; sourceTree = "<group>"; };
		63E272181A4923CC0044E847 /* ExpandViewController.m */ = {isa = PBXFileReference; fileEncoding = 4; lastKnownFileType = sourcecode.c.objc; path = ExpandViewController.m; sourceTree = "<group>"; };
		63E272191A4923CC0044E847 /* HomeViewController.h */ = {isa = PBXFileReference; fileEncoding = 4; lastKnownFileType = sourcecode.c.h; path = HomeViewController.h; sourceTree = "<group>"; };
		63E2721A1A4923CC0044E847 /* HomeViewController.m */ = {isa = PBXFileReference; fileEncoding = 4; lastKnownFileType = sourcecode.c.objc; path = HomeViewController.m; sourceTree = "<group>"; };
		63E2721B1A4923CC0044E847 /* LeftMenuViewController.h */ = {isa = PBXFileReference; fileEncoding = 4; lastKnownFileType = sourcecode.c.h; path = LeftMenuViewController.h; sourceTree = "<group>"; };
		63E2721C1A4923CC0044E847 /* LeftMenuViewController.m */ = {isa = PBXFileReference; fileEncoding = 4; lastKnownFileType = sourcecode.c.objc; path = LeftMenuViewController.m; sourceTree = "<group>"; };
		63E2721E1A4923CC0044E847 /* LoginViewController.h */ = {isa = PBXFileReference; fileEncoding = 4; lastKnownFileType = sourcecode.c.h; path = LoginViewController.h; sourceTree = "<group>"; };
		63E2721F1A4923CC0044E847 /* LoginViewController.m */ = {isa = PBXFileReference; fileEncoding = 4; lastKnownFileType = sourcecode.c.objc; path = LoginViewController.m; sourceTree = "<group>"; };
		63E272201A4923CC0044E847 /* RightMenuViewController.h */ = {isa = PBXFileReference; fileEncoding = 4; lastKnownFileType = sourcecode.c.h; path = RightMenuViewController.h; sourceTree = "<group>"; };
		63E272211A4923CC0044E847 /* RightMenuViewController.m */ = {isa = PBXFileReference; fileEncoding = 4; lastKnownFileType = sourcecode.c.objc; path = RightMenuViewController.m; sourceTree = "<group>"; };
		63E272231A4923CC0044E847 /* SceneViewController.h */ = {isa = PBXFileReference; fileEncoding = 4; lastKnownFileType = sourcecode.c.h; path = SceneViewController.h; sourceTree = "<group>"; };
		63E272241A4923CC0044E847 /* SceneViewController.m */ = {isa = PBXFileReference; fileEncoding = 4; lastKnownFileType = sourcecode.c.objc; path = SceneViewController.m; sourceTree = "<group>"; };
		63E272261A4923CC0044E847 /* SettingViewController.h */ = {isa = PBXFileReference; fileEncoding = 4; lastKnownFileType = sourcecode.c.h; path = SettingViewController.h; sourceTree = "<group>"; };
		63E272271A4923CC0044E847 /* SettingViewController.m */ = {isa = PBXFileReference; fileEncoding = 4; lastKnownFileType = sourcecode.c.objc; path = SettingViewController.m; sourceTree = "<group>"; };
		63E272331A4923F40044E847 /* PersonHeadView.h */ = {isa = PBXFileReference; fileEncoding = 4; lastKnownFileType = sourcecode.c.h; path = PersonHeadView.h; sourceTree = "<group>"; };
		63E272341A4923F40044E847 /* PersonHeadView.m */ = {isa = PBXFileReference; fileEncoding = 4; lastKnownFileType = sourcecode.c.objc; path = PersonHeadView.m; sourceTree = "<group>"; };
		63E272351A4923F40044E847 /* PersonHeadView.xib */ = {isa = PBXFileReference; fileEncoding = 4; lastKnownFileType = file.xib; path = PersonHeadView.xib; sourceTree = "<group>"; };
		63E272381A49245D0044E847 /* 1.jpg */ = {isa = PBXFileReference; lastKnownFileType = image.jpeg; path = 1.jpg; sourceTree = "<group>"; };
		63E272391A49245D0044E847 /* profile3@2x.png */ = {isa = PBXFileReference; lastKnownFileType = image.png; path = "profile3@2x.png"; sourceTree = "<group>"; };
		958FC4051A4734C6000B008A /* IntelligentSwitchPro.app */ = {isa = PBXFileReference; explicitFileType = wrapper.application; includeInIndex = 0; path = IntelligentSwitchPro.app; sourceTree = BUILT_PRODUCTS_DIR; };
		958FC4081A4734C6000B008A /* Foundation.framework */ = {isa = PBXFileReference; lastKnownFileType = wrapper.framework; name = Foundation.framework; path = System/Library/Frameworks/Foundation.framework; sourceTree = SDKROOT; };
		958FC40A1A4734C6000B008A /* CoreGraphics.framework */ = {isa = PBXFileReference; lastKnownFileType = wrapper.framework; name = CoreGraphics.framework; path = System/Library/Frameworks/CoreGraphics.framework; sourceTree = SDKROOT; };
		958FC40C1A4734C6000B008A /* UIKit.framework */ = {isa = PBXFileReference; lastKnownFileType = wrapper.framework; name = UIKit.framework; path = System/Library/Frameworks/UIKit.framework; sourceTree = SDKROOT; };
		958FC4101A4734C6000B008A /* IntelligentSwitchPro-Info.plist */ = {isa = PBXFileReference; lastKnownFileType = text.plist.xml; path = "IntelligentSwitchPro-Info.plist"; sourceTree = "<group>"; };
		958FC4121A4734C6000B008A /* en */ = {isa = PBXFileReference; lastKnownFileType = text.plist.strings; name = en; path = en.lproj/InfoPlist.strings; sourceTree = "<group>"; };
		958FC4141A4734C6000B008A /* main.m */ = {isa = PBXFileReference; lastKnownFileType = sourcecode.c.objc; path = main.m; sourceTree = "<group>"; };
		958FC4161A4734C6000B008A /* IntelligentSwitchPro-Prefix.pch */ = {isa = PBXFileReference; lastKnownFileType = sourcecode.c.h; path = "IntelligentSwitchPro-Prefix.pch"; sourceTree = "<group>"; };
		958FC4171A4734C6000B008A /* AppDelegate.h */ = {isa = PBXFileReference; lastKnownFileType = sourcecode.c.h; path = AppDelegate.h; sourceTree = "<group>"; };
		958FC4181A4734C6000B008A /* AppDelegate.m */ = {isa = PBXFileReference; lastKnownFileType = sourcecode.c.objc; path = AppDelegate.m; sourceTree = "<group>"; };
		958FC4201A4734C6000B008A /* Images.xcassets */ = {isa = PBXFileReference; lastKnownFileType = folder.assetcatalog; path = Images.xcassets; sourceTree = "<group>"; };
		958FC4271A4734C6000B008A /* XCTest.framework */ = {isa = PBXFileReference; lastKnownFileType = wrapper.framework; name = XCTest.framework; path = Library/Frameworks/XCTest.framework; sourceTree = DEVELOPER_DIR; };
		958FC4401A47365B000B008A /* SlideNavigationContorllerAnimator.h */ = {isa = PBXFileReference; fileEncoding = 4; lastKnownFileType = sourcecode.c.h; path = SlideNavigationContorllerAnimator.h; sourceTree = "<group>"; };
		958FC4411A47365B000B008A /* SlideNavigationContorllerAnimatorFade.h */ = {isa = PBXFileReference; fileEncoding = 4; lastKnownFileType = sourcecode.c.h; path = SlideNavigationContorllerAnimatorFade.h; sourceTree = "<group>"; };
		958FC4421A47365B000B008A /* SlideNavigationContorllerAnimatorFade.m */ = {isa = PBXFileReference; fileEncoding = 4; lastKnownFileType = sourcecode.c.objc; path = SlideNavigationContorllerAnimatorFade.m; sourceTree = "<group>"; };
		958FC4431A47365B000B008A /* SlideNavigationContorllerAnimatorScale.h */ = {isa = PBXFileReference; fileEncoding = 4; lastKnownFileType = sourcecode.c.h; path = SlideNavigationContorllerAnimatorScale.h; sourceTree = "<group>"; };
		958FC4441A47365B000B008A /* SlideNavigationContorllerAnimatorScale.m */ = {isa = PBXFileReference; fileEncoding = 4; lastKnownFileType = sourcecode.c.objc; path = SlideNavigationContorllerAnimatorScale.m; sourceTree = "<group>"; };
		958FC4451A47365B000B008A /* SlideNavigationContorllerAnimatorScaleAndFade.h */ = {isa = PBXFileReference; fileEncoding = 4; lastKnownFileType = sourcecode.c.h; path = SlideNavigationContorllerAnimatorScaleAndFade.h; sourceTree = "<group>"; };
		958FC4461A47365B000B008A /* SlideNavigationContorllerAnimatorScaleAndFade.m */ = {isa = PBXFileReference; fileEncoding = 4; lastKnownFileType = sourcecode.c.objc; path = SlideNavigationContorllerAnimatorScaleAndFade.m; sourceTree = "<group>"; };
		958FC4471A47365B000B008A /* SlideNavigationContorllerAnimatorSlide.h */ = {isa = PBXFileReference; fileEncoding = 4; lastKnownFileType = sourcecode.c.h; path = SlideNavigationContorllerAnimatorSlide.h; sourceTree = "<group>"; };
		958FC4481A47365B000B008A /* SlideNavigationContorllerAnimatorSlide.m */ = {isa = PBXFileReference; fileEncoding = 4; lastKnownFileType = sourcecode.c.objc; path = SlideNavigationContorllerAnimatorSlide.m; sourceTree = "<group>"; };
		958FC4491A47365B000B008A /* SlideNavigationContorllerAnimatorSlideAndFade.h */ = {isa = PBXFileReference; fileEncoding = 4; lastKnownFileType = sourcecode.c.h; path = SlideNavigationContorllerAnimatorSlideAndFade.h; sourceTree = "<group>"; };
		958FC44A1A47365B000B008A /* SlideNavigationContorllerAnimatorSlideAndFade.m */ = {isa = PBXFileReference; fileEncoding = 4; lastKnownFileType = sourcecode.c.objc; path = SlideNavigationContorllerAnimatorSlideAndFade.m; sourceTree = "<group>"; };
		958FC44C1A47365B000B008A /* menu-button.png */ = {isa = PBXFileReference; lastKnownFileType = image.png; path = "menu-button.png"; sourceTree = "<group>"; };
		958FC44D1A47365B000B008A /* menu-button@2x.png */ = {isa = PBXFileReference; lastKnownFileType = image.png; path = "menu-button@2x.png"; sourceTree = "<group>"; };
		958FC44E1A47365B000B008A /* SlideNavigationController.h */ = {isa = PBXFileReference; fileEncoding = 4; lastKnownFileType = sourcecode.c.h; path = SlideNavigationController.h; sourceTree = "<group>"; };
		958FC44F1A47365B000B008A /* SlideNavigationController.m */ = {isa = PBXFileReference; fileEncoding = 4; lastKnownFileType = sourcecode.c.objc; path = SlideNavigationController.m; sourceTree = "<group>"; };
		958FC4621A473CCA000B008A /* animation.png */ = {isa = PBXFileReference; lastKnownFileType = image.png; path = animation.png; sourceTree = "<group>"; };
		958FC4631A473CCA000B008A /* gear.png */ = {isa = PBXFileReference; lastKnownFileType = image.png; path = gear.png; sourceTree = "<group>"; };
		958FC4641A473CCA000B008A /* leftMenu.jpg */ = {isa = PBXFileReference; lastKnownFileType = image.jpeg; path = leftMenu.jpg; sourceTree = "<group>"; };
		958FC4651A473CCA000B008A /* rightMenu.jpg */ = {isa = PBXFileReference; lastKnownFileType = image.jpeg; path = rightMenu.jpg; sourceTree = "<group>"; };
		958FC46D1A4756B4000B008A /* Main.Storyboard */ = {isa = PBXFileReference; fileEncoding = 4; lastKnownFileType = file.storyboard; path = Main.Storyboard; sourceTree = "<group>"; };
		E72D50F51A47B737001A3F77 /* HMSegmentedControl.h */ = {isa = PBXFileReference; fileEncoding = 4; lastKnownFileType = sourcecode.c.h; path = HMSegmentedControl.h; sourceTree = "<group>"; };
		E72D50F61A47B737001A3F77 /* HMSegmentedControl.m */ = {isa = PBXFileReference; fileEncoding = 4; lastKnownFileType = sourcecode.c.objc; path = HMSegmentedControl.m; sourceTree = "<group>"; };
/* End PBXFileReference section */

/* Begin PBXFrameworksBuildPhase section */
		958FC4021A4734C6000B008A /* Frameworks */ = {
			isa = PBXFrameworksBuildPhase;
			buildActionMask = 2147483647;
			files = (
				958FC40B1A4734C6000B008A /* CoreGraphics.framework in Frameworks */,
				958FC40D1A4734C6000B008A /* UIKit.framework in Frameworks */,
				958FC4091A4734C6000B008A /* Foundation.framework in Frameworks */,
			);
			runOnlyForDeploymentPostprocessing = 0;
		};
/* End PBXFrameworksBuildPhase section */

/* Begin PBXGroup section */
		63E2720C1A4923CC0044E847 /* ViewControllers */ = {
			isa = PBXGroup;
			children = (
				63E2720D1A4923CC0044E847 /* AboutViewController */,
				63E272101A4923CC0044E847 /* ClockViewController */,
				63E272131A4923CC0044E847 /* Controller */,
				63E272161A4923CC0044E847 /* ExpandViewControoler */,
				63E272191A4923CC0044E847 /* HomeViewController.h */,
				63E2721A1A4923CC0044E847 /* HomeViewController.m */,
				63E2721B1A4923CC0044E847 /* LeftMenuViewController.h */,
				63E2721C1A4923CC0044E847 /* LeftMenuViewController.m */,
				63E2721D1A4923CC0044E847 /* LoginViewController */,
				63E272201A4923CC0044E847 /* RightMenuViewController.h */,
				63E272211A4923CC0044E847 /* RightMenuViewController.m */,
				63E272221A4923CC0044E847 /* SceneViewController */,
				63E272251A4923CC0044E847 /* SettingViewController */,
			);
			path = ViewControllers;
			sourceTree = "<group>";
		};
		63E2720D1A4923CC0044E847 /* AboutViewController */ = {
			isa = PBXGroup;
			children = (
				63E2720E1A4923CC0044E847 /* AboutViewController.h */,
				63E2720F1A4923CC0044E847 /* AboutViewController.m */,
			);
			path = AboutViewController;
			sourceTree = "<group>";
		};
		63E272101A4923CC0044E847 /* ClockViewController */ = {
			isa = PBXGroup;
			children = (
				63E272111A4923CC0044E847 /* ClockViewController.h */,
				63E272121A4923CC0044E847 /* ClockViewController.m */,
			);
			path = ClockViewController;
			sourceTree = "<group>";
		};
		63E272131A4923CC0044E847 /* Controller */ = {
			isa = PBXGroup;
			children = (
				63E272141A4923CC0044E847 /* ControlViewController.h */,
				63E272151A4923CC0044E847 /* ControlViewController.m */,
			);
			path = Controller;
			sourceTree = "<group>";
		};
		63E272161A4923CC0044E847 /* ExpandViewControoler */ = {
			isa = PBXGroup;
			children = (
				63E272171A4923CC0044E847 /* ExpandViewController.h */,
				63E272181A4923CC0044E847 /* ExpandViewController.m */,
			);
			path = ExpandViewControoler;
			sourceTree = "<group>";
		};
		63E2721D1A4923CC0044E847 /* LoginViewController */ = {
			isa = PBXGroup;
			children = (
				63E2721E1A4923CC0044E847 /* LoginViewController.h */,
				63E2721F1A4923CC0044E847 /* LoginViewController.m */,
			);
			path = LoginViewController;
			sourceTree = "<group>";
		};
		63E272221A4923CC0044E847 /* SceneViewController */ = {
			isa = PBXGroup;
			children = (
				63E272231A4923CC0044E847 /* SceneViewController.h */,
				63E272241A4923CC0044E847 /* SceneViewController.m */,
			);
			path = SceneViewController;
			sourceTree = "<group>";
		};
		63E272251A4923CC0044E847 /* SettingViewController */ = {
			isa = PBXGroup;
			children = (
				63E272261A4923CC0044E847 /* SettingViewController.h */,
				63E272271A4923CC0044E847 /* SettingViewController.m */,
			);
			path = SettingViewController;
			sourceTree = "<group>";
		};
		63E272321A4923F40044E847 /* Views */ = {
			isa = PBXGroup;
			children = (
				63E272331A4923F40044E847 /* PersonHeadView.h */,
				63E272341A4923F40044E847 /* PersonHeadView.m */,
				63E272351A4923F40044E847 /* PersonHeadView.xib */,
			);
			path = Views;
			sourceTree = "<group>";
		};
		958FC3FC1A4734C6000B008A = {
			isa = PBXGroup;
			children = (
				958FC40E1A4734C6000B008A /* IntelligentSwitchPro */,
				958FC4071A4734C6000B008A /* Frameworks */,
				958FC4061A4734C6000B008A /* Products */,
			);
			sourceTree = "<group>";
		};
		958FC4061A4734C6000B008A /* Products */ = {
			isa = PBXGroup;
			children = (
				958FC4051A4734C6000B008A /* IntelligentSwitchPro.app */,
			);
			name = Products;
			sourceTree = "<group>";
		};
		958FC4071A4734C6000B008A /* Frameworks */ = {
			isa = PBXGroup;
			children = (
				958FC4081A4734C6000B008A /* Foundation.framework */,
				958FC40A1A4734C6000B008A /* CoreGraphics.framework */,
				958FC40C1A4734C6000B008A /* UIKit.framework */,
				958FC4271A4734C6000B008A /* XCTest.framework */,
			);
			name = Frameworks;
			sourceTree = "<group>";
		};
		958FC40E1A4734C6000B008A /* IntelligentSwitchPro */ = {
			isa = PBXGroup;
			children = (
				63E272321A4923F40044E847 /* Views */,
				63E2720C1A4923CC0044E847 /* ViewControllers */,
				E72D50F31A47B737001A3F77 /* Lirbrary */,
				958FC4611A473CCA000B008A /* Images */,
				958FC43E1A47365B000B008A /* Source */,
				958FC4171A4734C6000B008A /* AppDelegate.h */,
				958FC4181A4734C6000B008A /* AppDelegate.m */,
				958FC46D1A4756B4000B008A /* Main.Storyboard */,
				958FC4201A4734C6000B008A /* Images.xcassets */,
				958FC40F1A4734C6000B008A /* Supporting Files */,
			);
			path = IntelligentSwitchPro;
			sourceTree = "<group>";
		};
		958FC40F1A4734C6000B008A /* Supporting Files */ = {
			isa = PBXGroup;
			children = (
				958FC4101A4734C6000B008A /* IntelligentSwitchPro-Info.plist */,
				958FC4111A4734C6000B008A /* InfoPlist.strings */,
				958FC4141A4734C6000B008A /* main.m */,
				958FC4161A4734C6000B008A /* IntelligentSwitchPro-Prefix.pch */,
			);
			name = "Supporting Files";
			sourceTree = "<group>";
		};
		958FC43E1A47365B000B008A /* Source */ = {
			isa = PBXGroup;
			children = (
				958FC43F1A47365B000B008A /* Animations */,
				958FC44B1A47365B000B008A /* Assets */,
				958FC44E1A47365B000B008A /* SlideNavigationController.h */,
				958FC44F1A47365B000B008A /* SlideNavigationController.m */,
			);
			path = Source;
			sourceTree = "<group>";
		};
		958FC43F1A47365B000B008A /* Animations */ = {
			isa = PBXGroup;
			children = (
				958FC4401A47365B000B008A /* SlideNavigationContorllerAnimator.h */,
				958FC4411A47365B000B008A /* SlideNavigationContorllerAnimatorFade.h */,
				958FC4421A47365B000B008A /* SlideNavigationContorllerAnimatorFade.m */,
				958FC4431A47365B000B008A /* SlideNavigationContorllerAnimatorScale.h */,
				958FC4441A47365B000B008A /* SlideNavigationContorllerAnimatorScale.m */,
				958FC4451A47365B000B008A /* SlideNavigationContorllerAnimatorScaleAndFade.h */,
				958FC4461A47365B000B008A /* SlideNavigationContorllerAnimatorScaleAndFade.m */,
				958FC4471A47365B000B008A /* SlideNavigationContorllerAnimatorSlide.h */,
				958FC4481A47365B000B008A /* SlideNavigationContorllerAnimatorSlide.m */,
				958FC4491A47365B000B008A /* SlideNavigationContorllerAnimatorSlideAndFade.h */,
				958FC44A1A47365B000B008A /* SlideNavigationContorllerAnimatorSlideAndFade.m */,
			);
			path = Animations;
			sourceTree = "<group>";
		};
		958FC44B1A47365B000B008A /* Assets */ = {
			isa = PBXGroup;
			children = (
				958FC44C1A47365B000B008A /* menu-button.png */,
				958FC44D1A47365B000B008A /* menu-button@2x.png */,
			);
			path = Assets;
			sourceTree = "<group>";
		};
		958FC4611A473CCA000B008A /* Images */ = {
			isa = PBXGroup;
			children = (
				958FC4621A473CCA000B008A /* animation.png */,
				63E272381A49245D0044E847 /* 1.jpg */,
				63E272391A49245D0044E847 /* profile3@2x.png */,
				958FC4631A473CCA000B008A /* gear.png */,
				958FC4641A473CCA000B008A /* leftMenu.jpg */,
				958FC4651A473CCA000B008A /* rightMenu.jpg */,
			);
			path = Images;
			sourceTree = "<group>";
		};
		E72D50F31A47B737001A3F77 /* Lirbrary */ = {
			isa = PBXGroup;
			children = (
				E72D50F41A47B737001A3F77 /* HMSegmentedControl */,
			);
			path = Lirbrary;
			sourceTree = "<group>";
		};
		E72D50F41A47B737001A3F77 /* HMSegmentedControl */ = {
			isa = PBXGroup;
			children = (
				E72D50F51A47B737001A3F77 /* HMSegmentedControl.h */,
				E72D50F61A47B737001A3F77 /* HMSegmentedControl.m */,
			);
			path = HMSegmentedControl;
			sourceTree = "<group>";
		};
/* End PBXGroup section */

/* Begin PBXNativeTarget section */
		958FC4041A4734C6000B008A /* IntelligentSwitchPro */ = {
			isa = PBXNativeTarget;
			buildConfigurationList = 958FC4371A4734C6000B008A /* Build configuration list for PBXNativeTarget "IntelligentSwitchPro" */;
			buildPhases = (
				958FC4011A4734C6000B008A /* Sources */,
				958FC4021A4734C6000B008A /* Frameworks */,
				958FC4031A4734C6000B008A /* Resources */,
			);
			buildRules = (
			);
			dependencies = (
			);
			name = IntelligentSwitchPro;
			productName = IntelligentSwitchPro;
			productReference = 958FC4051A4734C6000B008A /* IntelligentSwitchPro.app */;
			productType = "com.apple.product-type.application";
		};
/* End PBXNativeTarget section */

/* Begin PBXProject section */
		958FC3FD1A4734C6000B008A /* Project object */ = {
			isa = PBXProject;
			attributes = {
				LastUpgradeCheck = 0510;
				ORGANIZATIONNAME = Carl;
			};
			buildConfigurationList = 958FC4001A4734C6000B008A /* Build configuration list for PBXProject "IntelligentSwitchPro" */;
			compatibilityVersion = "Xcode 3.2";
			developmentRegion = English;
			hasScannedForEncodings = 0;
			knownRegions = (
				en,
				Base,
			);
			mainGroup = 958FC3FC1A4734C6000B008A;
			productRefGroup = 958FC4061A4734C6000B008A /* Products */;
			projectDirPath = "";
			projectRoot = "";
			targets = (
				958FC4041A4734C6000B008A /* IntelligentSwitchPro */,
			);
		};
/* End PBXProject section */

/* Begin PBXResourcesBuildPhase section */
		958FC4031A4734C6000B008A /* Resources */ = {
			isa = PBXResourcesBuildPhase;
			buildActionMask = 2147483647;
			files = (
				63E2723A1A49245D0044E847 /* 1.jpg in Resources */,
				958FC4551A47365B000B008A /* menu-button.png in Resources */,
				958FC4671A473CCA000B008A /* gear.png in Resources */,
				958FC4211A4734C6000B008A /* Images.xcassets in Resources */,
				63E2723B1A49245D0044E847 /* profile3@2x.png in Resources */,
				63E272371A4923F40044E847 /* PersonHeadView.xib in Resources */,
				958FC46E1A4756B4000B008A /* Main.Storyboard in Resources */,
				958FC4691A473CCA000B008A /* rightMenu.jpg in Resources */,
				958FC4681A473CCA000B008A /* leftMenu.jpg in Resources */,
				958FC4131A4734C6000B008A /* InfoPlist.strings in Resources */,
				958FC4561A47365B000B008A /* menu-button@2x.png in Resources */,
				958FC4661A473CCA000B008A /* animation.png in Resources */,
			);
			runOnlyForDeploymentPostprocessing = 0;
		};
/* End PBXResourcesBuildPhase section */

/* Begin PBXSourcesBuildPhase section */
		958FC4011A4734C6000B008A /* Sources */ = {
			isa = PBXSourcesBuildPhase;
			buildActionMask = 2147483647;
			files = (
				958FC4571A47365B000B008A /* SlideNavigationController.m in Sources */,
				958FC4511A47365B000B008A /* SlideNavigationContorllerAnimatorScale.m in Sources */,
				63E2722A1A4923CC0044E847 /* ControlViewController.m in Sources */,
				63E272301A4923CC0044E847 /* SceneViewController.m in Sources */,
				958FC4521A47365B000B008A /* SlideNavigationContorllerAnimatorScaleAndFade.m in Sources */,
				958FC4191A4734C6000B008A /* AppDelegate.m in Sources */,
				63E2722C1A4923CC0044E847 /* HomeViewController.m in Sources */,
				958FC4501A47365B000B008A /* SlideNavigationContorllerAnimatorFade.m in Sources */,
				63E272311A4923CC0044E847 /* SettingViewController.m in Sources */,
				958FC4151A4734C6000B008A /* main.m in Sources */,
				63E2722E1A4923CC0044E847 /* LoginViewController.m in Sources */,
				63E272281A4923CC0044E847 /* AboutViewController.m in Sources */,
				63E272291A4923CC0044E847 /* ClockViewController.m in Sources */,
				958FC4541A47365B000B008A /* SlideNavigationContorllerAnimatorSlideAndFade.m in Sources */,
				E72D50F71A47B737001A3F77 /* HMSegmentedControl.m in Sources */,
				63E2722B1A4923CC0044E847 /* ExpandViewController.m in Sources */,
				63E2722F1A4923CC0044E847 /* RightMenuViewController.m in Sources */,
				63E2722D1A4923CC0044E847 /* LeftMenuViewController.m in Sources */,
				958FC4531A47365B000B008A /* SlideNavigationContorllerAnimatorSlide.m in Sources */,
				63E272361A4923F40044E847 /* PersonHeadView.m in Sources */,
			);
			runOnlyForDeploymentPostprocessing = 0;
		};
/* End PBXSourcesBuildPhase section */

/* Begin PBXVariantGroup section */
		958FC4111A4734C6000B008A /* InfoPlist.strings */ = {
			isa = PBXVariantGroup;
			children = (
				958FC4121A4734C6000B008A /* en */,
			);
			name = InfoPlist.strings;
			sourceTree = "<group>";
		};
/* End PBXVariantGroup section */

/* Begin XCBuildConfiguration section */
		958FC4351A4734C6000B008A /* Debug */ = {
			isa = XCBuildConfiguration;
			buildSettings = {
				ALWAYS_SEARCH_USER_PATHS = NO;
				CLANG_CXX_LANGUAGE_STANDARD = "gnu++0x";
				CLANG_CXX_LIBRARY = "libc++";
				CLANG_ENABLE_MODULES = YES;
				CLANG_ENABLE_OBJC_ARC = YES;
				CLANG_WARN_BOOL_CONVERSION = YES;
				CLANG_WARN_CONSTANT_CONVERSION = YES;
				CLANG_WARN_DIRECT_OBJC_ISA_USAGE = YES_ERROR;
				CLANG_WARN_EMPTY_BODY = YES;
				CLANG_WARN_ENUM_CONVERSION = YES;
				CLANG_WARN_INT_CONVERSION = YES;
				CLANG_WARN_OBJC_ROOT_CLASS = YES_ERROR;
				CLANG_WARN__DUPLICATE_METHOD_MATCH = YES;
				"CODE_SIGN_IDENTITY[sdk=iphoneos*]" = "iPhone Developer";
				COPY_PHASE_STRIP = NO;
				GCC_C_LANGUAGE_STANDARD = gnu99;
				GCC_DYNAMIC_NO_PIC = NO;
				GCC_OPTIMIZATION_LEVEL = 0;
				GCC_PREPROCESSOR_DEFINITIONS = (
					"DEBUG=1",
					"$(inherited)",
				);
				GCC_SYMBOLS_PRIVATE_EXTERN = NO;
				GCC_WARN_64_TO_32_BIT_CONVERSION = YES;
				GCC_WARN_ABOUT_RETURN_TYPE = YES_ERROR;
				GCC_WARN_UNDECLARED_SELECTOR = YES;
				GCC_WARN_UNINITIALIZED_AUTOS = YES_AGGRESSIVE;
				GCC_WARN_UNUSED_FUNCTION = YES;
				GCC_WARN_UNUSED_VARIABLE = YES;
				IPHONEOS_DEPLOYMENT_TARGET = 7.1;
				ONLY_ACTIVE_ARCH = YES;
				SDKROOT = iphoneos;
			};
			name = Debug;
		};
		958FC4361A4734C6000B008A /* Release */ = {
			isa = XCBuildConfiguration;
			buildSettings = {
				ALWAYS_SEARCH_USER_PATHS = NO;
				CLANG_CXX_LANGUAGE_STANDARD = "gnu++0x";
				CLANG_CXX_LIBRARY = "libc++";
				CLANG_ENABLE_MODULES = YES;
				CLANG_ENABLE_OBJC_ARC = YES;
				CLANG_WARN_BOOL_CONVERSION = YES;
				CLANG_WARN_CONSTANT_CONVERSION = YES;
				CLANG_WARN_DIRECT_OBJC_ISA_USAGE = YES_ERROR;
				CLANG_WARN_EMPTY_BODY = YES;
				CLANG_WARN_ENUM_CONVERSION = YES;
				CLANG_WARN_INT_CONVERSION = YES;
				CLANG_WARN_OBJC_ROOT_CLASS = YES_ERROR;
				CLANG_WARN__DUPLICATE_METHOD_MATCH = YES;
				"CODE_SIGN_IDENTITY[sdk=iphoneos*]" = "iPhone Developer";
				COPY_PHASE_STRIP = YES;
				ENABLE_NS_ASSERTIONS = NO;
				GCC_C_LANGUAGE_STANDARD = gnu99;
				GCC_WARN_64_TO_32_BIT_CONVERSION = YES;
				GCC_WARN_ABOUT_RETURN_TYPE = YES_ERROR;
				GCC_WARN_UNDECLARED_SELECTOR = YES;
				GCC_WARN_UNINITIALIZED_AUTOS = YES_AGGRESSIVE;
				GCC_WARN_UNUSED_FUNCTION = YES;
				GCC_WARN_UNUSED_VARIABLE = YES;
				IPHONEOS_DEPLOYMENT_TARGET = 7.1;
				SDKROOT = iphoneos;
				VALIDATE_PRODUCT = YES;
			};
			name = Release;
		};
		958FC4381A4734C6000B008A /* Debug */ = {
			isa = XCBuildConfiguration;
			buildSettings = {
				ASSETCATALOG_COMPILER_APPICON_NAME = AppIcon;
				ASSETCATALOG_COMPILER_LAUNCHIMAGE_NAME = LaunchImage;
				GCC_PRECOMPILE_PREFIX_HEADER = YES;
				GCC_PREFIX_HEADER = "IntelligentSwitchPro/IntelligentSwitchPro-Prefix.pch";
				INFOPLIST_FILE = "IntelligentSwitchPro/IntelligentSwitchPro-Info.plist";
				PRODUCT_NAME = "$(TARGET_NAME)";
				WRAPPER_EXTENSION = app;
			};
			name = Debug;
		};
		958FC4391A4734C6000B008A /* Release */ = {
			isa = XCBuildConfiguration;
			buildSettings = {
				ASSETCATALOG_COMPILER_APPICON_NAME = AppIcon;
				ASSETCATALOG_COMPILER_LAUNCHIMAGE_NAME = LaunchImage;
				GCC_PRECOMPILE_PREFIX_HEADER = YES;
				GCC_PREFIX_HEADER = "IntelligentSwitchPro/IntelligentSwitchPro-Prefix.pch";
				INFOPLIST_FILE = "IntelligentSwitchPro/IntelligentSwitchPro-Info.plist";
				PRODUCT_NAME = "$(TARGET_NAME)";
				WRAPPER_EXTENSION = app;
			};
			name = Release;
		};
/* End XCBuildConfiguration section */

/* Begin XCConfigurationList section */
		958FC4001A4734C6000B008A /* Build configuration list for PBXProject "IntelligentSwitchPro" */ = {
			isa = XCConfigurationList;
			buildConfigurations = (
				958FC4351A4734C6000B008A /* Debug */,
				958FC4361A4734C6000B008A /* Release */,
			);
			defaultConfigurationIsVisible = 0;
			defaultConfigurationName = Release;
		};
		958FC4371A4734C6000B008A /* Build configuration list for PBXNativeTarget "IntelligentSwitchPro" */ = {
			isa = XCConfigurationList;
			buildConfigurations = (
				958FC4381A4734C6000B008A /* Debug */,
				958FC4391A4734C6000B008A /* Release */,
			);
			defaultConfigurationIsVisible = 0;
			defaultConfigurationName = Release;
		};
/* End XCConfigurationList section */
	};
	rootObject = 958FC3FD1A4734C6000B008A /* Project object */;
}
